
Microsoft Visual Studio Solution File, Format Version 12.00
# Visual Studio Version 17
VisualStudioVersion = 17.14.35821.62
MinimumVisualStudioVersion = 10.0.40219.1
Project("{8BC9CEB8-8B4A-11D0-8D11-00A0C91BC942}") = "WristerEngine", "WristerEngine\WristerEngine.vcxproj", "{8BF34D9C-A65C-49F5-9A77-83FA870060DC}"
EndProject
Project("{8BC9CEB8-8B4A-11D0-8D11-00A0C91BC942}") = "TestGame", "TestGame\TestGame.vcxproj", "{95AD2923-45B5-46A1-80E7-68B78627A92D}"
EndProject
Global
	GlobalSection(SolutionConfigurationPlatforms) = preSolution
		Debug|x64 = Debug|x64
		Release|x64 = Release|x64
	EndGlobalSection
	GlobalSection(ProjectConfigurationPlatforms) = postSolution
		{8BF34D9C-A65C-49F5-9A77-83FA870060DC}.Debug|x64.ActiveCfg = Debug|x64
		{8BF34D9C-A65C-49F5-9A77-83FA870060DC}.Debug|x64.Build.0 = Debug|x64
		{8BF34D9C-A65C-49F5-9A77-83FA870060DC}.Release|x64.ActiveCfg = Release|x64
		{8BF34D9C-A65C-49F5-9A77-83FA870060DC}.Release|x64.Build.0 = Release|x64
		{95AD2923-45B5-46A1-80E7-68B78627A92D}.Debug|x64.ActiveCfg = Debug|x64
		{95AD2923-45B5-46A1-80E7-68B78627A92D}.Debug|x64.Build.0 = Debug|x64
		{95AD2923-45B5-46A1-80E7-68B78627A92D}.Release|x64.ActiveCfg = Release|x64
		{95AD2923-45B5-46A1-80E7-68B78627A92D}.Release|x64.Build.0 = Release|x64
	EndGlobalSection
	GlobalSection(SolutionProperties) = preSolution
		HideSolutionNode = FALSE
	EndGlobalSection
	GlobalSection(ExtensibilityGlobals) = postSolution
		SolutionGuid = {409647C3-2408-4CDB-BC76-0E5396E5FD72}
	EndGlobalSection
EndGlobal
