<?xml version="1.0" encoding="utf-8"?>
<Project ToolsVersion="4.0" xmlns="http://schemas.microsoft.com/developer/msbuild/2003">
  <ItemGroup>
    <Filter Include="ソース ファイル">
      <UniqueIdentifier>{4FC737F1-C7A5-4376-A066-2A32D752A2FF}</UniqueIdentifier>
      <Extensions>cpp;c;cc;cxx;c++;cppm;ixx;def;odl;idl;hpj;bat;asm;asmx</Extensions>
    </Filter>
    <Filter Include="リソース ファイル">
      <UniqueIdentifier>{67DA6AB6-F800-4c08-8B7A-83BB121AAD01}</UniqueIdentifier>
      <Extensions>rc;ico;cur;bmp;dlg;rc2;rct;bin;rgs;gif;jpg;jpeg;jpe;resx;tiff;tif;png;wav;mfcribbon-ms</Extensions>
    </Filter>
    <Filter Include="ソース ファイル\GameScenes">
      <UniqueIdentifier>{aa72d8d4-72ed-4ceb-bbe4-e19818dd5f84}</UniqueIdentifier>
    </Filter>
    <Filter Include="ソース ファイル\MyGame">
      <UniqueIdentifier>{ce92e8a2-5cda-42ac-aaf1-f21552765651}</UniqueIdentifier>
    </Filter>
    <Filter Include="ソース ファイル\SceneFactory">
      <UniqueIdentifier>{68cab597-fc1f-463b-90da-2d6600c88117}</UniqueIdentifier>
    </Filter>
    <Filter Include="ソース ファイル\GameObjects">
      <UniqueIdentifier>{898bf4eb-1bd3-45b5-aa1e-b5eded0121a8}</UniqueIdentifier>
    </Filter>
    <Filter Include="ソース ファイル\Collider">
      <UniqueIdentifier>{8e4eb4a0-3e5b-450f-aa95-71d8157b6486}</UniqueIdentifier>
    </Filter>
  </ItemGroup>
  <ItemGroup>
    <ClCompile Include="SourceFiles\main.cpp">
      <Filter>ソース ファイル</Filter>
    </ClCompile>
    <ClCompile Include="SourceFiles\MyGame\MyGame.cpp">
      <Filter>ソース ファイル\MyGame</Filter>
    </ClCompile>
    <ClCompile Include="SourceFiles\GameScenes\SceneFactory.cpp">
      <Filter>ソース ファイル\SceneFactory</Filter>
    </ClCompile>
    <ClCompile Include="SourceFiles\GameScenes\TestScene.cpp">
      <Filter>ソース ファイル\GameScenes</Filter>
    </ClCompile>
    <ClCompile Include="SourceFiles\GameObjects\Ground.cpp">
      <Filter>ソース ファイル\GameObjects</Filter>
    </ClCompile>
    <ClCompile Include="SourceFiles\Collider\Collider.cpp">
      <Filter>ソース ファイル\Collider</Filter>
    </ClCompile>
    <ClCompile Include="SourceFiles\Collider\CollisionManager.cpp">
      <Filter>ソース ファイル\Collider</Filter>
    </ClCompile>
  </ItemGroup>
  <ItemGroup>
    <ClInclude Include="SourceFiles\MyGame\MyGame.h">
      <Filter>ソース ファイル\MyGame</Filter>
    </ClInclude>
    <ClInclude Include="SourceFiles\GameScenes\SceneFactory.h">
      <Filter>ソース ファイル\SceneFactory</Filter>
    </ClInclude>
    <ClInclude Include="SourceFiles\GameScenes\TestScene.h">
      <Filter>ソース ファイル\GameScenes</Filter>
    </ClInclude>
    <ClInclude Include="SourceFiles\GameObjects\Ground.h">
      <Filter>ソース ファイル\GameObjects</Filter>
    </ClInclude>
    <ClInclude Include="SourceFiles\Collider\Collider.h">
      <Filter>ソース ファイル\Collider</Filter>
    </ClInclude>
    <ClInclude Include="SourceFiles\Collider\CollisionManager.h">
      <Filter>ソース ファイル\Collider</Filter>
    </ClInclude>
    <ClInclude Include="SourceFiles\GameObjects\CollisionInfo.h">
      <Filter>ソース ファイル\Collider</Filter>
    </ClInclude>
  </ItemGroup>
</Project>